
Microsoft Visual Studio Solution File, Format Version 12.00
# Visual Studio Version 17
VisualStudioVersion = 17.5.002.0
MinimumVisualStudioVersion = 10.0.40219.1
Project("{9A19103F-16F7-4668-BE54-9A1E7A4F7556}") = "DesafioFundamentos", "DesafioFundamentos\DesafioFundamentos.csproj", "{0E67BDBD-7A96-469D-86AE-E17EEFFCDCBB}"
EndProject
Global
	GlobalSection(SolutionConfigurationPlatforms) = preSolution
		Debug|Any CPU = Debug|Any CPU
		Release|Any CPU = Release|Any CPU
	EndGlobalSection
	GlobalSection(ProjectConfigurationPlatforms) = postSolution
		{0E67BDBD-7A96-469D-86AE-E17EEFFCDCBB}.Debug|Any CPU.ActiveCfg = Debug|Any CPU
		{0E67BDBD-7A96-469D-86AE-E17EEFFCDCBB}.Debug|Any CPU.Build.0 = Debug|Any CPU
		{0E67BDBD-7A96-469D-86AE-E17EEFFCDCBB}.Release|Any CPU.ActiveCfg = Release|Any CPU
		{0E67BDBD-7A96-469D-86AE-E17EEFFCDCBB}.Release|Any CPU.Build.0 = Release|Any CPU
	EndGlobalSection
	GlobalSection(SolutionProperties) = preSolution
		HideSolutionNode = FALSE
	EndGlobalSection
	GlobalSection(ExtensibilityGlobals) = postSolution
		SolutionGuid = {A69F2CA4-E1CD-4622-8F6F-AF139EC04F4D}
	EndGlobalSection
EndGlobal
